
Microsoft Visual Studio Solution File, Format Version 12.00
# Visual Studio 14
VisualStudioVersion = 14.0.25420.1
MinimumVisualStudioVersion = 10.0.40219.1
Project("{FAE04EC0-301F-11D3-BF4B-00C04F79EFBC}") = "SolarGames", "SolarGames\SolarGames.csproj", "{E421C211-2B10-4EFD-BE50-A332293FEA78}"
EndProject
Project("{FAE04EC0-301F-11D3-BF4B-00C04F79EFBC}") = "SolarGames.Model", "SolarGames.Model\SolarGames.Model.csproj", "{AAB5609F-9299-4D75-AFC7-388DA2A3869B}"
EndProject
Global
	GlobalSection(SolutionConfigurationPlatforms) = preSolution
		Debug|Any CPU = Debug|Any CPU
		Debug|x64 = Debug|x64
		Release|Any CPU = Release|Any CPU
		Release|x64 = Release|x64
	EndGlobalSection
	GlobalSection(ProjectConfigurationPlatforms) = postSolution
		{E421C211-2B10-4EFD-BE50-A332293FEA78}.Debug|Any CPU.ActiveCfg = Debug|Any CPU
		{E421C211-2B10-4EFD-BE50-A332293FEA78}.Debug|Any CPU.Build.0 = Debug|Any CPU
		{E421C211-2B10-4EFD-BE50-A332293FEA78}.Debug|x64.ActiveCfg = Debug|x64
		{E421C211-2B10-4EFD-BE50-A332293FEA78}.Debug|x64.Build.0 = Debug|x64
		{E421C211-2B10-4EFD-BE50-A332293FEA78}.Release|Any CPU.ActiveCfg = Release|Any CPU
		{E421C211-2B10-4EFD-BE50-A332293FEA78}.Release|Any CPU.Build.0 = Release|Any CPU
		{E421C211-2B10-4EFD-BE50-A332293FEA78}.Release|x64.ActiveCfg = Release|x64
		{E421C211-2B10-4EFD-BE50-A332293FEA78}.Release|x64.Build.0 = Release|x64
		{AAB5609F-9299-4D75-AFC7-388DA2A3869B}.Debug|Any CPU.ActiveCfg = Debug|Any CPU
		{AAB5609F-9299-4D75-AFC7-388DA2A3869B}.Debug|Any CPU.Build.0 = Debug|Any CPU
		{AAB5609F-9299-4D75-AFC7-388DA2A3869B}.Debug|x64.ActiveCfg = Debug|Any CPU
		{AAB5609F-9299-4D75-AFC7-388DA2A3869B}.Debug|x64.Build.0 = Debug|Any CPU
		{AAB5609F-9299-4D75-AFC7-388DA2A3869B}.Release|Any CPU.ActiveCfg = Release|Any CPU
		{AAB5609F-9299-4D75-AFC7-388DA2A3869B}.Release|Any CPU.Build.0 = Release|Any CPU
		{AAB5609F-9299-4D75-AFC7-388DA2A3869B}.Release|x64.ActiveCfg = Release|Any CPU
		{AAB5609F-9299-4D75-AFC7-388DA2A3869B}.Release|x64.Build.0 = Release|Any CPU
	EndGlobalSection
	GlobalSection(SolutionProperties) = preSolution
		HideSolutionNode = FALSE
	EndGlobalSection
EndGlobal
